
Microsoft Visual Studio Solution File, Format Version 12.00
# Visual Studio 15
VisualStudioVersion = 15.0.28307.421
MinimumVisualStudioVersion = 10.0.40219.1
Project("{FAE04EC0-301F-11D3-BF4B-00C04F79EFBC}") = "Sum", "Sum\Sum.csproj", "{ED043614-3423-4D67-93B2-6EF1B4107EF3}"
EndProject
Global
	GlobalSection(SolutionConfigurationPlatforms) = preSolution
		Debug|Any CPU = Debug|Any CPU
		Release|Any CPU = Release|Any CPU
	EndGlobalSection
	GlobalSection(ProjectConfigurationPlatforms) = postSolution
		{ED043614-3423-4D67-93B2-6EF1B4107EF3}.Debug|Any CPU.ActiveCfg = Debug|Any CPU
		{ED043614-3423-4D67-93B2-6EF1B4107EF3}.Debug|Any CPU.Build.0 = Debug|Any CPU
		{ED043614-3423-4D67-93B2-6EF1B4107EF3}.Release|Any CPU.ActiveCfg = Release|Any CPU
		{ED043614-3423-4D67-93B2-6EF1B4107EF3}.Release|Any CPU.Build.0 = Release|Any CPU
	EndGlobalSection
	GlobalSection(SolutionProperties) = preSolution
		HideSolutionNode = FALSE
	EndGlobalSection
	GlobalSection(ExtensibilityGlobals) = postSolution
		SolutionGuid = {A945391C-142A-4BB8-88B0-5A7CC9064573}
	EndGlobalSection
EndGlobal
